// !$*UTF8*$!
{
	archiveVersion = 1;
	classes = {
	};
	objectVersion = 46;
	objects = {

/* Begin PBXBuildFile section */
		789BCB6F1F77FDBF00FAC00C /* AppDelegate.swift in Sources */ = {isa = PBXBuildFile; fileRef = 789BCB6E1F77FDBF00FAC00C /* AppDelegate.swift */; };
		789BCB711F77FDBF00FAC00C /* MainViewController.swift in Sources */ = {isa = PBXBuildFile; fileRef = 789BCB701F77FDBF00FAC00C /* MainViewController.swift */; };
		789BCB741F77FDBF00FAC00C /* Main.storyboard in Resources */ = {isa = PBXBuildFile; fileRef = 789BCB721F77FDBF00FAC00C /* Main.storyboard */; };
		789BCB761F77FDBF00FAC00C /* Assets.xcassets in Resources */ = {isa = PBXBuildFile; fileRef = 789BCB751F77FDBF00FAC00C /* Assets.xcassets */; };
		789BCB791F77FDBF00FAC00C /* LaunchScreen.storyboard in Resources */ = {isa = PBXBuildFile; fileRef = 789BCB771F77FDBF00FAC00C /* LaunchScreen.storyboard */; };
		789BCB811F78053F00FAC00C /* recipeViewController.swift in Sources */ = {isa = PBXBuildFile; fileRef = 789BCB801F78053F00FAC00C /* recipeViewController.swift */; };
		789BCB831F78055A00FAC00C /* infoViewController.swift in Sources */ = {isa = PBXBuildFile; fileRef = 789BCB821F78055A00FAC00C /* infoViewController.swift */; };
		789BCB851F780ED500FAC00C /* JSONPurser.swift in Sources */ = {isa = PBXBuildFile; fileRef = 789BCB841F780ED500FAC00C /* JSONPurser.swift */; };
		789BCB871F78105A00FAC00C /* sample.json in Resources */ = {isa = PBXBuildFile; fileRef = 789BCB861F78105A00FAC00C /* sample.json */; };
		789BCB891F78B42300FAC00C /* NavigationViewController.swift in Sources */ = {isa = PBXBuildFile; fileRef = 789BCB881F78B42300FAC00C /* NavigationViewController.swift */; };
/* End PBXBuildFile section */

/* Begin PBXFileReference section */
		789BCB6B1F77FDBF00FAC00C /* babakitchen.app */ = {isa = PBXFileReference; explicitFileType = wrapper.application; includeInIndex = 0; path = babakitchen.app; sourceTree = BUILT_PRODUCTS_DIR; };
		789BCB6E1F77FDBF00FAC00C /* AppDelegate.swift */ = {isa = PBXFileReference; lastKnownFileType = sourcecode.swift; path = AppDelegate.swift; sourceTree = "<group>"; };
		789BCB701F77FDBF00FAC00C /* MainViewController.swift */ = {isa = PBXFileReference; lastKnownFileType = sourcecode.swift; path = MainViewController.swift; sourceTree = "<group>"; };
		789BCB731F77FDBF00FAC00C /* Base */ = {isa = PBXFileReference; lastKnownFileType = file.storyboard; name = Base; path = Base.lproj/Main.storyboard; sourceTree = "<group>"; };
		789BCB751F77FDBF00FAC00C /* Assets.xcassets */ = {isa = PBXFileReference; lastKnownFileType = folder.assetcatalog; path = Assets.xcassets; sourceTree = "<group>"; };
		789BCB781F77FDBF00FAC00C /* Base */ = {isa = PBXFileReference; lastKnownFileType = file.storyboard; name = Base; path = Base.lproj/LaunchScreen.storyboard; sourceTree = "<group>"; };
		789BCB7A1F77FDBF00FAC00C /* Info.plist */ = {isa = PBXFileReference; lastKnownFileType = text.plist.xml; path = Info.plist; sourceTree = "<group>"; };
		789BCB801F78053F00FAC00C /* recipeViewController.swift */ = {isa = PBXFileReference; fileEncoding = 4; lastKnownFileType = sourcecode.swift; path = recipeViewController.swift; sourceTree = "<group>"; };
		789BCB821F78055A00FAC00C /* infoViewController.swift */ = {isa = PBXFileReference; fileEncoding = 4; lastKnownFileType = sourcecode.swift; path = infoViewController.swift; sourceTree = "<group>"; };
		789BCB841F780ED500FAC00C /* JSONPurser.swift */ = {isa = PBXFileReference; fileEncoding = 4; lastKnownFileType = sourcecode.swift; path = JSONPurser.swift; sourceTree = "<group>"; };
		789BCB861F78105A00FAC00C /* sample.json */ = {isa = PBXFileReference; fileEncoding = 4; lastKnownFileType = text.json; path = sample.json; sourceTree = "<group>"; };
		789BCB881F78B42300FAC00C /* NavigationViewController.swift */ = {isa = PBXFileReference; fileEncoding = 4; lastKnownFileType = sourcecode.swift; path = NavigationViewController.swift; sourceTree = "<group>"; };
/* End PBXFileReference section */

/* Begin PBXFrameworksBuildPhase section */
		789BCB681F77FDBF00FAC00C /* Frameworks */ = {
			isa = PBXFrameworksBuildPhase;
			buildActionMask = 2147483647;
			files = (
			);
			runOnlyForDeploymentPostprocessing = 0;
		};
/* End PBXFrameworksBuildPhase section */

/* Begin PBXGroup section */
		789BCB621F77FDBF00FAC00C = {
			isa = PBXGroup;
			children = (
				789BCB6D1F77FDBF00FAC00C /* babakitchen */,
				789BCB6C1F77FDBF00FAC00C /* Products */,
			);
			sourceTree = "<group>";
		};
		789BCB6C1F77FDBF00FAC00C /* Products */ = {
			isa = PBXGroup;
			children = (
				789BCB6B1F77FDBF00FAC00C /* babakitchen.app */,
			);
			name = Products;
			sourceTree = "<group>";
		};
		789BCB6D1F77FDBF00FAC00C /* babakitchen */ = {
			isa = PBXGroup;
			children = (
				789BCB6E1F77FDBF00FAC00C /* AppDelegate.swift */,
				789BCB701F77FDBF00FAC00C /* MainViewController.swift */,
				789BCB721F77FDBF00FAC00C /* Main.storyboard */,
				789BCB751F77FDBF00FAC00C /* Assets.xcassets */,
				789BCB771F77FDBF00FAC00C /* LaunchScreen.storyboard */,
				789BCB7A1F77FDBF00FAC00C /* Info.plist */,
				789BCB801F78053F00FAC00C /* recipeViewController.swift */,
				789BCB821F78055A00FAC00C /* infoViewController.swift */,
				789BCB841F780ED500FAC00C /* JSONPurser.swift */,
				789BCB861F78105A00FAC00C /* sample.json */,
				789BCB881F78B42300FAC00C /* NavigationViewController.swift */,
			);
			path = babakitchen;
			sourceTree = "<group>";
		};
/* End PBXGroup section */

/* Begin PBXNativeTarget section */
		789BCB6A1F77FDBF00FAC00C /* babakitchen */ = {
			isa = PBXNativeTarget;
			buildConfigurationList = 789BCB7D1F77FDBF00FAC00C /* Build configuration list for PBXNativeTarget "babakitchen" */;
			buildPhases = (
				789BCB671F77FDBF00FAC00C /* Sources */,
				789BCB681F77FDBF00FAC00C /* Frameworks */,
				789BCB691F77FDBF00FAC00C /* Resources */,
			);
			buildRules = (
			);
			dependencies = (
			);
			name = babakitchen;
			productName = babakitchen;
			productReference = 789BCB6B1F77FDBF00FAC00C /* babakitchen.app */;
			productType = "com.apple.product-type.application";
		};
/* End PBXNativeTarget section */

/* Begin PBXProject section */
		789BCB631F77FDBF00FAC00C /* Project object */ = {
			isa = PBXProject;
			attributes = {
				LastSwiftUpdateCheck = 0830;
				LastUpgradeCheck = 0830;
				ORGANIZATIONNAME = "tetsuya yamaura";
				TargetAttributes = {
					789BCB6A1F77FDBF00FAC00C = {
						CreatedOnToolsVersion = 8.3.3;
						DevelopmentTeam = 64JN8YE473;
						ProvisioningStyle = Automatic;
					};
				};
			};
			buildConfigurationList = 789BCB661F77FDBF00FAC00C /* Build configuration list for PBXProject "babakitchen" */;
			compatibilityVersion = "Xcode 3.2";
			developmentRegion = English;
			hasScannedForEncodings = 0;
			knownRegions = (
				en,
				Base,
			);
			mainGroup = 789BCB621F77FDBF00FAC00C;
			productRefGroup = 789BCB6C1F77FDBF00FAC00C /* Products */;
			projectDirPath = "";
			projectRoot = "";
			targets = (
				789BCB6A1F77FDBF00FAC00C /* babakitchen */,
			);
		};
/* End PBXProject section */

/* Begin PBXResourcesBuildPhase section */
		789BCB691F77FDBF00FAC00C /* Resources */ = {
			isa = PBXResourcesBuildPhase;
			buildActionMask = 2147483647;
			files = (
				789BCB791F77FDBF00FAC00C /* LaunchScreen.storyboard in Resources */,
				789BCB871F78105A00FAC00C /* sample.json in Resources */,
				789BCB761F77FDBF00FAC00C /* Assets.xcassets in Resources */,
				789BCB741F77FDBF00FAC00C /* Main.storyboard in Resources */,
			);
			runOnlyForDeploymentPostprocessing = 0;
		};
/* End PBXResourcesBuildPhase section */

/* Begin PBXSourcesBuildPhase section */
		789BCB671F77FDBF00FAC00C /* Sources */ = {
			isa = PBXSourcesBuildPhase;
			buildActionMask = 2147483647;
			files = (
				789BCB891F78B42300FAC00C /* NavigationViewController.swift in Sources */,
				789BCB811F78053F00FAC00C /* recipeViewController.swift in Sources */,
				789BCB851F780ED500FAC00C /* JSONPurser.swift in Sources */,
				789BCB711F77FDBF00FAC00C /* MainViewController.swift in Sources */,
				789BCB831F78055A00FAC00C /* infoViewController.swift in Sources */,
				789BCB6F1F77FDBF00FAC00C /* AppDelegate.swift in Sources */,
			);
			runOnlyForDeploymentPostprocessing = 0;
		};
/* End PBXSourcesBuildPhase section */

/* Begin PBXVariantGroup section */
		789BCB721F77FDBF00FAC00C /* Main.storyboard */ = {
			isa = PBXVariantGroup;
			children = (
				789BCB731F77FDBF00FAC00C /* Base */,
			);
			name = Main.storyboard;
			sourceTree = "<group>";
		};
		789BCB771F77FDBF00FAC00C /* LaunchScreen.storyboard */ = {
			isa = PBXVariantGroup;
			children = (
				789BCB781F77FDBF00FAC00C /* Base */,
			);
			name = LaunchScreen.storyboard;
			sourceTree = "<group>";
		};
/* End PBXVariantGroup section */

/* Begin XCBuildConfiguration section */
		789BCB7B1F77FDBF00FAC00C /* Debug */ = {
			isa = XCBuildConfiguration;
			buildSettings = {
				ALWAYS_SEARCH_USER_PATHS = NO;
				CLANG_ANALYZER_NONNULL = YES;
				CLANG_ANALYZER_NUMBER_OBJECT_CONVERSION = YES_AGGRESSIVE;
				CLANG_CXX_LANGUAGE_STANDARD = "gnu++0x";
				CLANG_CXX_LIBRARY = "libc++";
				CLANG_ENABLE_MODULES = YES;
				CLANG_ENABLE_OBJC_ARC = YES;
				CLANG_WARN_BOOL_CONVERSION = YES;
				CLANG_WARN_CONSTANT_CONVERSION = YES;
				CLANG_WARN_DIRECT_OBJC_ISA_USAGE = YES_ERROR;
				CLANG_WARN_DOCUMENTATION_COMMENTS = YES;
				CLANG_WARN_EMPTY_BODY = YES;
				CLANG_WARN_ENUM_CONVERSION = YES;
				CLANG_WARN_INFINITE_RECURSION = YES;
				CLANG_WARN_INT_CONVERSION = YES;
				CLANG_WARN_OBJC_ROOT_CLASS = YES_ERROR;
				CLANG_WARN_SUSPICIOUS_MOVE = YES;
				CLANG_WARN_UNREACHABLE_CODE = YES;
				CLANG_WARN__DUPLICATE_METHOD_MATCH = YES;
				"CODE_SIGN_IDENTITY[sdk=iphoneos*]" = "iPhone Developer";
				COPY_PHASE_STRIP = NO;
				DEBUG_INFORMATION_FORMAT = dwarf;
				ENABLE_STRICT_OBJC_MSGSEND = YES;
				ENABLE_TESTABILITY = YES;
				GCC_C_LANGUAGE_STANDARD = gnu99;
				GCC_DYNAMIC_NO_PIC = NO;
				GCC_NO_COMMON_BLOCKS = YES;
				GCC_OPTIMIZATION_LEVEL = 0;
				GCC_PREPROCESSOR_DEFINITIONS = (
					"DEBUG=1",
					"$(inherited)",
				);
				GCC_WARN_64_TO_32_BIT_CONVERSION = YES;
				GCC_WARN_ABOUT_RETURN_TYPE = YES_ERROR;
				GCC_WARN_UNDECLARED_SELECTOR = YES;
				GCC_WARN_UNINITIALIZED_AUTOS = YES_AGGRESSIVE;
				GCC_WARN_UNUSED_FUNCTION = YES;
				GCC_WARN_UNUSED_VARIABLE = YES;
				IPHONEOS_DEPLOYMENT_TARGET = 10.3;
				MTL_ENABLE_DEBUG_INFO = YES;
				ONLY_ACTIVE_ARCH = YES;
				SDKROOT = iphoneos;
				SWIFT_ACTIVE_COMPILATION_CONDITIONS = DEBUG;
				SWIFT_OPTIMIZATION_LEVEL = "-Onone";
				TARGETED_DEVICE_FAMILY = "1,2";
			};
			name = Debug;
		};
		789BCB7C1F77FDBF00FAC00C /* Release */ = {
			isa = XCBuildConfiguration;
			buildSettings = {
				ALWAYS_SEARCH_USER_PATHS = NO;
				CLANG_ANALYZER_NONNULL = YES;
				CLANG_ANALYZER_NUMBER_OBJECT_CONVERSION = YES_AGGRESSIVE;
				CLANG_CXX_LANGUAGE_STANDARD = "gnu++0x";
				CLANG_CXX_LIBRARY = "libc++";
				CLANG_ENABLE_MODULES = YES;
				CLANG_ENABLE_OBJC_ARC = YES;
				CLANG_WARN_BOOL_CONVERSION = YES;
				CLANG_WARN_CONSTANT_CONVERSION = YES;
				CLANG_WARN_DIRECT_OBJC_ISA_USAGE = YES_ERROR;
				CLANG_WARN_DOCUMENTATION_COMMENTS = YES;
				CLANG_WARN_EMPTY_BODY = YES;
				CLANG_WARN_ENUM_CONVERSION = YES;
				CLANG_WARN_INFINITE_RECURSION = YES;
				CLANG_WARN_INT_CONVERSION = YES;
				CLANG_WARN_OBJC_ROOT_CLASS = YES_ERROR;
				CLANG_WARN_SUSPICIOUS_MOVE = YES;
				CLANG_WARN_UNREACHABLE_CODE = YES;
				CLANG_WARN__DUPLICATE_METHOD_MATCH = YES;
				"CODE_SIGN_IDENTITY[sdk=iphoneos*]" = "iPhone Developer";
				COPY_PHASE_STRIP = NO;
				DEBUG_INFORMATION_FORMAT = "dwarf-with-dsym";
				ENABLE_NS_ASSERTIONS = NO;
				ENABLE_STRICT_OBJC_MSGSEND = YES;
				GCC_C_LANGUAGE_STANDARD = gnu99;
				GCC_NO_COMMON_BLOCKS = YES;
				GCC_WARN_64_TO_32_BIT_CONVERSION = YES;
				GCC_WARN_ABOUT_RETURN_TYPE = YES_ERROR;
				GCC_WARN_UNDECLARED_SELECTOR = YES;
				GCC_WARN_UNINITIALIZED_AUTOS = YES_AGGRESSIVE;
				GCC_WARN_UNUSED_FUNCTION = YES;
				GCC_WARN_UNUSED_VARIABLE = YES;
				IPHONEOS_DEPLOYMENT_TARGET = 10.3;
				MTL_ENABLE_DEBUG_INFO = NO;
				SDKROOT = iphoneos;
				SWIFT_OPTIMIZATION_LEVEL = "-Owholemodule";
				TARGETED_DEVICE_FAMILY = "1,2";
				VALIDATE_PRODUCT = YES;
			};
			name = Release;
		};
		789BCB7E1F77FDBF00FAC00C /* Debug */ = {
			isa = XCBuildConfiguration;
			buildSettings = {
				ASSETCATALOG_COMPILER_APPICON_NAME = AppIcon;
				DEVELOPMENT_TEAM = 64JN8YE473;
				INFOPLIST_FILE = babakitchen/Info.plist;
				LD_RUNPATH_SEARCH_PATHS = "$(inherited) @executable_path/Frameworks";
				PRODUCT_BUNDLE_IDENTIFIER = "tetsuya-yamaura.babakitchen";
				PRODUCT_NAME = "$(TARGET_NAME)";
				SWIFT_VERSION = 3.0;
			};
			name = Debug;
		};
		789BCB7F1F77FDBF00FAC00C /* Release */ = {
			isa = XCBuildConfiguration;
			buildSettings = {
				ASSETCATALOG_COMPILER_APPICON_NAME = AppIcon;
				DEVELOPMENT_TEAM = 64JN8YE473;
				INFOPLIST_FILE = babakitchen/Info.plist;
				LD_RUNPATH_SEARCH_PATHS = "$(inherited) @executable_path/Frameworks";
				PRODUCT_BUNDLE_IDENTIFIER = "tetsuya-yamaura.babakitchen";
				PRODUCT_NAME = "$(TARGET_NAME)";
				SWIFT_VERSION = 3.0;
			};
			name = Release;
		};
/* End XCBuildConfiguration section */

/* Begin XCConfigurationList section */
		789BCB661F77FDBF00FAC00C /* Build configuration list for PBXProject "babakitchen" */ = {
			isa = XCConfigurationList;
			buildConfigurations = (
				789BCB7B1F77FDBF00FAC00C /* Debug */,
				789BCB7C1F77FDBF00FAC00C /* Release */,
			);
			defaultConfigurationIsVisible = 0;
			defaultConfigurationName = Release;
		};
		789BCB7D1F77FDBF00FAC00C /* Build configuration list for PBXNativeTarget "babakitchen" */ = {
			isa = XCConfigurationList;
			buildConfigurations = (
				789BCB7E1F77FDBF00FAC00C /* Debug */,
				789BCB7F1F77FDBF00FAC00C /* Release */,
			);
			defaultConfigurationIsVisible = 0;
			defaultConfigurationName = Release;
		};
/* End XCConfigurationList section */
	};
	rootObject = 789BCB631F77FDBF00FAC00C /* Project object */;
}
